
Microsoft Visual Studio Solution File, Format Version 12.00
Project("{FAE04EC0-301F-11D3-BF4B-00C04F79EFBC}") = "GraphTests", "GraphTests\GraphTests.csproj", "{1A83A5F6-1810-44AE-9B83-6E68A9BD1E40}"
EndProject
Project("{FAE04EC0-301F-11D3-BF4B-00C04F79EFBC}") = "GraphDomain", "GraphDomain\GraphDomain.csproj", "{6E24F13F-C6A1-44A0-81D5-6A31E40031E6}"
EndProject
Project("{FAE04EC0-301F-11D3-BF4B-00C04F79EFBC}") = "SearchAlgs", "SearchAlgs\SearchAlgs.csproj", "{5DF8056E-AA63-4D79-BC86-5ACB762EF2BD}"
EndProject
Global
	GlobalSection(SolutionConfigurationPlatforms) = preSolution
		Debug|Any CPU = Debug|Any CPU
		Release|Any CPU = Release|Any CPU
	EndGlobalSection
	GlobalSection(ProjectConfigurationPlatforms) = postSolution
		{1A83A5F6-1810-44AE-9B83-6E68A9BD1E40}.Debug|Any CPU.ActiveCfg = Debug|Any CPU
		{1A83A5F6-1810-44AE-9B83-6E68A9BD1E40}.Debug|Any CPU.Build.0 = Debug|Any CPU
		{1A83A5F6-1810-44AE-9B83-6E68A9BD1E40}.Release|Any CPU.ActiveCfg = Release|Any CPU
		{1A83A5F6-1810-44AE-9B83-6E68A9BD1E40}.Release|Any CPU.Build.0 = Release|Any CPU
		{6E24F13F-C6A1-44A0-81D5-6A31E40031E6}.Debug|Any CPU.ActiveCfg = Debug|Any CPU
		{6E24F13F-C6A1-44A0-81D5-6A31E40031E6}.Debug|Any CPU.Build.0 = Debug|Any CPU
		{6E24F13F-C6A1-44A0-81D5-6A31E40031E6}.Release|Any CPU.ActiveCfg = Release|Any CPU
		{6E24F13F-C6A1-44A0-81D5-6A31E40031E6}.Release|Any CPU.Build.0 = Release|Any CPU
		{5DF8056E-AA63-4D79-BC86-5ACB762EF2BD}.Debug|Any CPU.ActiveCfg = Debug|Any CPU
		{5DF8056E-AA63-4D79-BC86-5ACB762EF2BD}.Debug|Any CPU.Build.0 = Debug|Any CPU
		{5DF8056E-AA63-4D79-BC86-5ACB762EF2BD}.Release|Any CPU.ActiveCfg = Release|Any CPU
		{5DF8056E-AA63-4D79-BC86-5ACB762EF2BD}.Release|Any CPU.Build.0 = Release|Any CPU
	EndGlobalSection
EndGlobal
